
Microsoft Visual Studio Solution File, Format Version 12.00
# Visual Studio 15
Project("{FAE04EC0-301F-11D3-BF4B-00C04F79EFBC}") = "MovmentTest", "MovmentTest.csproj", "{BB83E639-6E46-6EB1-8640-17E146EF94EF}"
EndProject
Project("{FAE04EC0-301F-11D3-BF4B-00C04F79EFBC}") = "MovmentTest.Plugins", "MovmentTest.Plugins.csproj", "{FB0623BA-7C5D-5BF3-E531-04C0ADCC8A21}"
EndProject
Project("{FAE04EC0-301F-11D3-BF4B-00C04F79EFBC}") = "MovmentTest.Editor", "MovmentTest.Editor.csproj", "{4C328AF8-A3DA-289F-7E30-8FBFD8A3A61E}"
EndProject
Global
	GlobalSection(SolutionConfigurationPlatforms) = preSolution
		Debug|Any CPU = Debug|Any CPU
		Release|Any CPU = Release|Any CPU
	EndGlobalSection
	GlobalSection(ProjectConfigurationPlatforms) = postSolution
		{BB83E639-6E46-6EB1-8640-17E146EF94EF}.Debug|Any CPU.ActiveCfg = Debug|Any CPU
		{BB83E639-6E46-6EB1-8640-17E146EF94EF}.Debug|Any CPU.Build.0 = Debug|Any CPU
		{BB83E639-6E46-6EB1-8640-17E146EF94EF}.Release|Any CPU.ActiveCfg = Release|Any CPU
		{BB83E639-6E46-6EB1-8640-17E146EF94EF}.Release|Any CPU.Build.0 = Release|Any CPU
		{FB0623BA-7C5D-5BF3-E531-04C0ADCC8A21}.Debug|Any CPU.ActiveCfg = Debug|Any CPU
		{FB0623BA-7C5D-5BF3-E531-04C0ADCC8A21}.Debug|Any CPU.Build.0 = Debug|Any CPU
		{FB0623BA-7C5D-5BF3-E531-04C0ADCC8A21}.Release|Any CPU.ActiveCfg = Release|Any CPU
		{FB0623BA-7C5D-5BF3-E531-04C0ADCC8A21}.Release|Any CPU.Build.0 = Release|Any CPU
		{4C328AF8-A3DA-289F-7E30-8FBFD8A3A61E}.Debug|Any CPU.ActiveCfg = Debug|Any CPU
		{4C328AF8-A3DA-289F-7E30-8FBFD8A3A61E}.Debug|Any CPU.Build.0 = Debug|Any CPU
		{4C328AF8-A3DA-289F-7E30-8FBFD8A3A61E}.Release|Any CPU.ActiveCfg = Release|Any CPU
		{4C328AF8-A3DA-289F-7E30-8FBFD8A3A61E}.Release|Any CPU.Build.0 = Release|Any CPU
	EndGlobalSection
	GlobalSection(SolutionProperties) = preSolution
		HideSolutionNode = FALSE
	EndGlobalSection
EndGlobal
